
Microsoft Visual Studio Solution File, Format Version 12.00
# Visual Studio Version 17
VisualStudioVersion = 17.5.002.0
MinimumVisualStudioVersion = 10.0.40219.1
Project("{9A19103F-16F7-4668-BE54-9A1E7A4F7556}") = "final_task1", "final_task1\final_task1.csproj", "{698FA2C1-89D2-4608-AB9C-6E1281B3DAFD}"
EndProject
Global
	GlobalSection(SolutionConfigurationPlatforms) = preSolution
		Debug|Any CPU = Debug|Any CPU
		Release|Any CPU = Release|Any CPU
	EndGlobalSection
	GlobalSection(ProjectConfigurationPlatforms) = postSolution
		{698FA2C1-89D2-4608-AB9C-6E1281B3DAFD}.Debug|Any CPU.ActiveCfg = Debug|Any CPU
		{698FA2C1-89D2-4608-AB9C-6E1281B3DAFD}.Debug|Any CPU.Build.0 = Debug|Any CPU
		{698FA2C1-89D2-4608-AB9C-6E1281B3DAFD}.Release|Any CPU.ActiveCfg = Release|Any CPU
		{698FA2C1-89D2-4608-AB9C-6E1281B3DAFD}.Release|Any CPU.Build.0 = Release|Any CPU
	EndGlobalSection
	GlobalSection(SolutionProperties) = preSolution
		HideSolutionNode = FALSE
	EndGlobalSection
	GlobalSection(ExtensibilityGlobals) = postSolution
		SolutionGuid = {F02FD13C-73A5-41CA-AB7C-020380077E3A}
	EndGlobalSection
EndGlobal
